
Microsoft Visual Studio Solution File, Format Version 12.00
# Visual Studio Version 16
VisualStudioVersion = 16.0.32802.440
MinimumVisualStudioVersion = 10.0.40219.1
Project("{FAE04EC0-301F-11D3-BF4B-00C04F79EFBC}") = "PrimeraAplicacion.UWP", "PrimeraAplicacion\PrimeraAplicacion.UWP\PrimeraAplicacion.UWP.csproj", "{23F23778-78B8-422F-BE71-A06FAFFEF7C6}"
EndProject
Project("{FAE04EC0-301F-11D3-BF4B-00C04F79EFBC}") = "PrimeraAplicacion.Android", "PrimeraAplicacion\PrimeraAplicacion.Android\PrimeraAplicacion.Android.csproj", "{2970976D-DC1E-49AB-96F8-969414A43236}"
EndProject
Project("{FAE04EC0-301F-11D3-BF4B-00C04F79EFBC}") = "PrimeraAplicacion.iOS", "PrimeraAplicacion\PrimeraAplicacion.iOS\PrimeraAplicacion.iOS.csproj", "{8A8B8F9F-B43F-4178-A213-CE39058A8C25}"
EndProject
Project("{FAE04EC0-301F-11D3-BF4B-00C04F79EFBC}") = "PrimeraAplicacion", "PrimeraAplicacion\PrimeraAplicacion\PrimeraAplicacion.csproj", "{EF2E41F1-7D3E-482E-99AC-6009CE73F64B}"
EndProject
Global
	GlobalSection(SolutionConfigurationPlatforms) = preSolution
		Debug|Any CPU = Debug|Any CPU
		Debug|ARM = Debug|ARM
		Debug|iPhone = Debug|iPhone
		Debug|iPhoneSimulator = Debug|iPhoneSimulator
		Debug|x64 = Debug|x64
		Debug|x86 = Debug|x86
		Release|Any CPU = Release|Any CPU
		Release|ARM = Release|ARM
		Release|iPhone = Release|iPhone
		Release|iPhoneSimulator = Release|iPhoneSimulator
		Release|x64 = Release|x64
		Release|x86 = Release|x86
	EndGlobalSection
	GlobalSection(ProjectConfigurationPlatforms) = postSolution
		{23F23778-78B8-422F-BE71-A06FAFFEF7C6}.Debug|Any CPU.ActiveCfg = Debug|x86
		{23F23778-78B8-422F-BE71-A06FAFFEF7C6}.Debug|Any CPU.Build.0 = Debug|x86
		{23F23778-78B8-422F-BE71-A06FAFFEF7C6}.Debug|Any CPU.Deploy.0 = Debug|x86
		{23F23778-78B8-422F-BE71-A06FAFFEF7C6}.Debug|ARM.ActiveCfg = Debug|ARM
		{23F23778-78B8-422F-BE71-A06FAFFEF7C6}.Debug|ARM.Build.0 = Debug|ARM
		{23F23778-78B8-422F-BE71-A06FAFFEF7C6}.Debug|ARM.Deploy.0 = Debug|ARM
		{23F23778-78B8-422F-BE71-A06FAFFEF7C6}.Debug|iPhone.ActiveCfg = Debug|x86
		{23F23778-78B8-422F-BE71-A06FAFFEF7C6}.Debug|iPhone.Build.0 = Debug|x86
		{23F23778-78B8-422F-BE71-A06FAFFEF7C6}.Debug|iPhone.Deploy.0 = Debug|x86
		{23F23778-78B8-422F-BE71-A06FAFFEF7C6}.Debug|iPhoneSimulator.ActiveCfg = Debug|x86
		{23F23778-78B8-422F-BE71-A06FAFFEF7C6}.Debug|iPhoneSimulator.Build.0 = Debug|x86
		{23F23778-78B8-422F-BE71-A06FAFFEF7C6}.Debug|iPhoneSimulator.Deploy.0 = Debug|x86
		{23F23778-78B8-422F-BE71-A06FAFFEF7C6}.Debug|x64.ActiveCfg = Debug|x64
		{23F23778-78B8-422F-BE71-A06FAFFEF7C6}.Debug|x64.Build.0 = Debug|x64
		{23F23778-78B8-422F-BE71-A06FAFFEF7C6}.Debug|x64.Deploy.0 = Debug|x64
		{23F23778-78B8-422F-BE71-A06FAFFEF7C6}.Debug|x86.ActiveCfg = Debug|x86
		{23F23778-78B8-422F-BE71-A06FAFFEF7C6}.Debug|x86.Build.0 = Debug|x86
		{23F23778-78B8-422F-BE71-A06FAFFEF7C6}.Debug|x86.Deploy.0 = Debug|x86
		{23F23778-78B8-422F-BE71-A06FAFFEF7C6}.Release|Any CPU.ActiveCfg = Release|x86
		{23F23778-78B8-422F-BE71-A06FAFFEF7C6}.Release|Any CPU.Build.0 = Release|x86
		{23F23778-78B8-422F-BE71-A06FAFFEF7C6}.Release|Any CPU.Deploy.0 = Release|x86
		{23F23778-78B8-422F-BE71-A06FAFFEF7C6}.Release|ARM.ActiveCfg = Release|ARM
		{23F23778-78B8-422F-BE71-A06FAFFEF7C6}.Release|ARM.Build.0 = Release|ARM
		{23F23778-78B8-422F-BE71-A06FAFFEF7C6}.Release|ARM.Deploy.0 = Release|ARM
		{23F23778-78B8-422F-BE71-A06FAFFEF7C6}.Release|iPhone.ActiveCfg = Release|x86
		{23F23778-78B8-422F-BE71-A06FAFFEF7C6}.Release|iPhone.Build.0 = Release|x86
		{23F23778-78B8-422F-BE71-A06FAFFEF7C6}.Release|iPhone.Deploy.0 = Release|x86
		{23F23778-78B8-422F-BE71-A06FAFFEF7C6}.Release|iPhoneSimulator.ActiveCfg = Release|x86
		{23F23778-78B8-422F-BE71-A06FAFFEF7C6}.Release|iPhoneSimulator.Build.0 = Release|x86
		{23F23778-78B8-422F-BE71-A06FAFFEF7C6}.Release|iPhoneSimulator.Deploy.0 = Release|x86
		{23F23778-78B8-422F-BE71-A06FAFFEF7C6}.Release|x64.ActiveCfg = Release|x64
		{23F23778-78B8-422F-BE71-A06FAFFEF7C6}.Release|x64.Build.0 = Release|x64
		{23F23778-78B8-422F-BE71-A06FAFFEF7C6}.Release|x64.Deploy.0 = Release|x64
		{23F23778-78B8-422F-BE71-A06FAFFEF7C6}.Release|x86.ActiveCfg = Release|x86
		{23F23778-78B8-422F-BE71-A06FAFFEF7C6}.Release|x86.Build.0 = Release|x86
		{23F23778-78B8-422F-BE71-A06FAFFEF7C6}.Release|x86.Deploy.0 = Release|x86
		{2970976D-DC1E-49AB-96F8-969414A43236}.Debug|Any CPU.ActiveCfg = Debug|Any CPU
		{2970976D-DC1E-49AB-96F8-969414A43236}.Debug|Any CPU.Build.0 = Debug|Any CPU
		{2970976D-DC1E-49AB-96F8-969414A43236}.Debug|Any CPU.Deploy.0 = Debug|Any CPU
		{2970976D-DC1E-49AB-96F8-969414A43236}.Debug|ARM.ActiveCfg = Debug|Any CPU
		{2970976D-DC1E-49AB-96F8-969414A43236}.Debug|ARM.Build.0 = Debug|Any CPU
		{2970976D-DC1E-49AB-96F8-969414A43236}.Debug|ARM.Deploy.0 = Debug|Any CPU
		{2970976D-DC1E-49AB-96F8-969414A43236}.Debug|iPhone.ActiveCfg = Debug|Any CPU
		{2970976D-DC1E-49AB-96F8-969414A43236}.Debug|iPhone.Build.0 = Debug|Any CPU
		{2970976D-DC1E-49AB-96F8-969414A43236}.Debug|iPhone.Deploy.0 = Debug|Any CPU
		{2970976D-DC1E-49AB-96F8-969414A43236}.Debug|iPhoneSimulator.ActiveCfg = Debug|Any CPU
		{2970976D-DC1E-49AB-96F8-969414A43236}.Debug|iPhoneSimulator.Build.0 = Debug|Any CPU
		{2970976D-DC1E-49AB-96F8-969414A43236}.Debug|iPhoneSimulator.Deploy.0 = Debug|Any CPU
		{2970976D-DC1E-49AB-96F8-969414A43236}.Debug|x64.ActiveCfg = Debug|Any CPU
		{2970976D-DC1E-49AB-96F8-969414A43236}.Debug|x64.Build.0 = Debug|Any CPU
		{2970976D-DC1E-49AB-96F8-969414A43236}.Debug|x64.Deploy.0 = Debug|Any CPU
		{2970976D-DC1E-49AB-96F8-969414A43236}.Debug|x86.ActiveCfg = Debug|Any CPU
		{2970976D-DC1E-49AB-96F8-969414A43236}.Debug|x86.Build.0 = Debug|Any CPU
		{2970976D-DC1E-49AB-96F8-969414A43236}.Debug|x86.Deploy.0 = Debug|Any CPU
		{2970976D-DC1E-49AB-96F8-969414A43236}.Release|Any CPU.ActiveCfg = Release|Any CPU
		{2970976D-DC1E-49AB-96F8-969414A43236}.Release|Any CPU.Build.0 = Release|Any CPU
		{2970976D-DC1E-49AB-96F8-969414A43236}.Release|Any CPU.Deploy.0 = Release|Any CPU
		{2970976D-DC1E-49AB-96F8-969414A43236}.Release|ARM.ActiveCfg = Release|Any CPU
		{2970976D-DC1E-49AB-96F8-969414A43236}.Release|ARM.Build.0 = Release|Any CPU
		{2970976D-DC1E-49AB-96F8-969414A43236}.Release|ARM.Deploy.0 = Release|Any CPU
		{2970976D-DC1E-49AB-96F8-969414A43236}.Release|iPhone.ActiveCfg = Release|Any CPU
		{2970976D-DC1E-49AB-96F8-969414A43236}.Release|iPhone.Build.0 = Release|Any CPU
		{2970976D-DC1E-49AB-96F8-969414A43236}.Release|iPhone.Deploy.0 = Release|Any CPU
		{2970976D-DC1E-49AB-96F8-969414A43236}.Release|iPhoneSimulator.ActiveCfg = Release|Any CPU
		{2970976D-DC1E-49AB-96F8-969414A43236}.Release|iPhoneSimulator.Build.0 = Release|Any CPU
		{2970976D-DC1E-49AB-96F8-969414A43236}.Release|iPhoneSimulator.Deploy.0 = Release|Any CPU
		{2970976D-DC1E-49AB-96F8-969414A43236}.Release|x64.ActiveCfg = Release|Any CPU
		{2970976D-DC1E-49AB-96F8-969414A43236}.Release|x64.Build.0 = Release|Any CPU
		{2970976D-DC1E-49AB-96F8-969414A43236}.Release|x64.Deploy.0 = Release|Any CPU
		{2970976D-DC1E-49AB-96F8-969414A43236}.Release|x86.ActiveCfg = Release|Any CPU
		{2970976D-DC1E-49AB-96F8-969414A43236}.Release|x86.Build.0 = Release|Any CPU
		{2970976D-DC1E-49AB-96F8-969414A43236}.Release|x86.Deploy.0 = Release|Any CPU
		{8A8B8F9F-B43F-4178-A213-CE39058A8C25}.Debug|Any CPU.ActiveCfg = Debug|iPhoneSimulator
		{8A8B8F9F-B43F-4178-A213-CE39058A8C25}.Debug|Any CPU.Build.0 = Debug|iPhoneSimulator
		{8A8B8F9F-B43F-4178-A213-CE39058A8C25}.Debug|Any CPU.Deploy.0 = Debug|iPhoneSimulator
		{8A8B8F9F-B43F-4178-A213-CE39058A8C25}.Debug|ARM.ActiveCfg = Debug|iPhone
		{8A8B8F9F-B43F-4178-A213-CE39058A8C25}.Debug|ARM.Build.0 = Debug|iPhone
		{8A8B8F9F-B43F-4178-A213-CE39058A8C25}.Debug|ARM.Deploy.0 = Debug|iPhone
		{8A8B8F9F-B43F-4178-A213-CE39058A8C25}.Debug|iPhone.ActiveCfg = Debug|iPhone
		{8A8B8F9F-B43F-4178-A213-CE39058A8C25}.Debug|iPhone.Build.0 = Debug|iPhone
		{8A8B8F9F-B43F-4178-A213-CE39058A8C25}.Debug|iPhone.Deploy.0 = Debug|iPhone
		{8A8B8F9F-B43F-4178-A213-CE39058A8C25}.Debug|iPhoneSimulator.ActiveCfg = Debug|iPhoneSimulator
		{8A8B8F9F-B43F-4178-A213-CE39058A8C25}.Debug|iPhoneSimulator.Build.0 = Debug|iPhoneSimulator
		{8A8B8F9F-B43F-4178-A213-CE39058A8C25}.Debug|iPhoneSimulator.Deploy.0 = Debug|iPhoneSimulator
		{8A8B8F9F-B43F-4178-A213-CE39058A8C25}.Debug|x64.ActiveCfg = Debug|iPhoneSimulator
		{8A8B8F9F-B43F-4178-A213-CE39058A8C25}.Debug|x64.Build.0 = Debug|iPhoneSimulator
		{8A8B8F9F-B43F-4178-A213-CE39058A8C25}.Debug|x64.Deploy.0 = Debug|iPhoneSimulator
		{8A8B8F9F-B43F-4178-A213-CE39058A8C25}.Debug|x86.ActiveCfg = Debug|iPhoneSimulator
		{8A8B8F9F-B43F-4178-A213-CE39058A8C25}.Debug|x86.Build.0 = Debug|iPhoneSimulator
		{8A8B8F9F-B43F-4178-A213-CE39058A8C25}.Debug|x86.Deploy.0 = Debug|iPhoneSimulator
		{8A8B8F9F-B43F-4178-A213-CE39058A8C25}.Release|Any CPU.ActiveCfg = Release|iPhoneSimulator
		{8A8B8F9F-B43F-4178-A213-CE39058A8C25}.Release|Any CPU.Build.0 = Release|iPhoneSimulator
		{8A8B8F9F-B43F-4178-A213-CE39058A8C25}.Release|Any CPU.Deploy.0 = Release|iPhoneSimulator
		{8A8B8F9F-B43F-4178-A213-CE39058A8C25}.Release|ARM.ActiveCfg = Release|iPhoneSimulator
		{8A8B8F9F-B43F-4178-A213-CE39058A8C25}.Release|ARM.Build.0 = Release|iPhoneSimulator
		{8A8B8F9F-B43F-4178-A213-CE39058A8C25}.Release|ARM.Deploy.0 = Release|iPhoneSimulator
		{8A8B8F9F-B43F-4178-A213-CE39058A8C25}.Release|iPhone.ActiveCfg = Release|iPhone
		{8A8B8F9F-B43F-4178-A213-CE39058A8C25}.Release|iPhone.Build.0 = Release|iPhone
		{8A8B8F9F-B43F-4178-A213-CE39058A8C25}.Release|iPhone.Deploy.0 = Release|iPhone
		{8A8B8F9F-B43F-4178-A213-CE39058A8C25}.Release|iPhoneSimulator.ActiveCfg = Release|iPhoneSimulator
		{8A8B8F9F-B43F-4178-A213-CE39058A8C25}.Release|iPhoneSimulator.Build.0 = Release|iPhoneSimulator
		{8A8B8F9F-B43F-4178-A213-CE39058A8C25}.Release|iPhoneSimulator.Deploy.0 = Release|iPhoneSimulator
		{8A8B8F9F-B43F-4178-A213-CE39058A8C25}.Release|x64.ActiveCfg = Release|iPhoneSimulator
		{8A8B8F9F-B43F-4178-A213-CE39058A8C25}.Release|x64.Build.0 = Release|iPhoneSimulator
		{8A8B8F9F-B43F-4178-A213-CE39058A8C25}.Release|x64.Deploy.0 = Release|iPhoneSimulator
		{8A8B8F9F-B43F-4178-A213-CE39058A8C25}.Release|x86.ActiveCfg = Release|iPhoneSimulator
		{8A8B8F9F-B43F-4178-A213-CE39058A8C25}.Release|x86.Build.0 = Release|iPhoneSimulator
		{8A8B8F9F-B43F-4178-A213-CE39058A8C25}.Release|x86.Deploy.0 = Release|iPhoneSimulator
		{EF2E41F1-7D3E-482E-99AC-6009CE73F64B}.Debug|Any CPU.ActiveCfg = Debug|Any CPU
		{EF2E41F1-7D3E-482E-99AC-6009CE73F64B}.Debug|Any CPU.Build.0 = Debug|Any CPU
		{EF2E41F1-7D3E-482E-99AC-6009CE73F64B}.Debug|Any CPU.Deploy.0 = Debug|Any CPU
		{EF2E41F1-7D3E-482E-99AC-6009CE73F64B}.Debug|ARM.ActiveCfg = Debug|Any CPU
		{EF2E41F1-7D3E-482E-99AC-6009CE73F64B}.Debug|ARM.Build.0 = Debug|Any CPU
		{EF2E41F1-7D3E-482E-99AC-6009CE73F64B}.Debug|ARM.Deploy.0 = Debug|Any CPU
		{EF2E41F1-7D3E-482E-99AC-6009CE73F64B}.Debug|iPhone.ActiveCfg = Debug|Any CPU
		{EF2E41F1-7D3E-482E-99AC-6009CE73F64B}.Debug|iPhone.Build.0 = Debug|Any CPU
		{EF2E41F1-7D3E-482E-99AC-6009CE73F64B}.Debug|iPhone.Deploy.0 = Debug|Any CPU
		{EF2E41F1-7D3E-482E-99AC-6009CE73F64B}.Debug|iPhoneSimulator.ActiveCfg = Debug|Any CPU
		{EF2E41F1-7D3E-482E-99AC-6009CE73F64B}.Debug|iPhoneSimulator.Build.0 = Debug|Any CPU
		{EF2E41F1-7D3E-482E-99AC-6009CE73F64B}.Debug|iPhoneSimulator.Deploy.0 = Debug|Any CPU
		{EF2E41F1-7D3E-482E-99AC-6009CE73F64B}.Debug|x64.ActiveCfg = Debug|Any CPU
		{EF2E41F1-7D3E-482E-99AC-6009CE73F64B}.Debug|x64.Build.0 = Debug|Any CPU
		{EF2E41F1-7D3E-482E-99AC-6009CE73F64B}.Debug|x64.Deploy.0 = Debug|Any CPU
		{EF2E41F1-7D3E-482E-99AC-6009CE73F64B}.Debug|x86.ActiveCfg = Debug|Any CPU
		{EF2E41F1-7D3E-482E-99AC-6009CE73F64B}.Debug|x86.Build.0 = Debug|Any CPU
		{EF2E41F1-7D3E-482E-99AC-6009CE73F64B}.Debug|x86.Deploy.0 = Debug|Any CPU
		{EF2E41F1-7D3E-482E-99AC-6009CE73F64B}.Release|Any CPU.ActiveCfg = Release|Any CPU
		{EF2E41F1-7D3E-482E-99AC-6009CE73F64B}.Release|Any CPU.Build.0 = Release|Any CPU
		{EF2E41F1-7D3E-482E-99AC-6009CE73F64B}.Release|Any CPU.Deploy.0 = Release|Any CPU
		{EF2E41F1-7D3E-482E-99AC-6009CE73F64B}.Release|ARM.ActiveCfg = Release|Any CPU
		{EF2E41F1-7D3E-482E-99AC-6009CE73F64B}.Release|ARM.Build.0 = Release|Any CPU
		{EF2E41F1-7D3E-482E-99AC-6009CE73F64B}.Release|ARM.Deploy.0 = Release|Any CPU
		{EF2E41F1-7D3E-482E-99AC-6009CE73F64B}.Release|iPhone.ActiveCfg = Release|Any CPU
		{EF2E41F1-7D3E-482E-99AC-6009CE73F64B}.Release|iPhone.Build.0 = Release|Any CPU
		{EF2E41F1-7D3E-482E-99AC-6009CE73F64B}.Release|iPhone.Deploy.0 = Release|Any CPU
		{EF2E41F1-7D3E-482E-99AC-6009CE73F64B}.Release|iPhoneSimulator.ActiveCfg = Release|Any CPU
		{EF2E41F1-7D3E-482E-99AC-6009CE73F64B}.Release|iPhoneSimulator.Build.0 = Release|Any CPU
		{EF2E41F1-7D3E-482E-99AC-6009CE73F64B}.Release|iPhoneSimulator.Deploy.0 = Release|Any CPU
		{EF2E41F1-7D3E-482E-99AC-6009CE73F64B}.Release|x64.ActiveCfg = Release|Any CPU
		{EF2E41F1-7D3E-482E-99AC-6009CE73F64B}.Release|x64.Build.0 = Release|Any CPU
		{EF2E41F1-7D3E-482E-99AC-6009CE73F64B}.Release|x64.Deploy.0 = Release|Any CPU
		{EF2E41F1-7D3E-482E-99AC-6009CE73F64B}.Release|x86.ActiveCfg = Release|Any CPU
		{EF2E41F1-7D3E-482E-99AC-6009CE73F64B}.Release|x86.Build.0 = Release|Any CPU
		{EF2E41F1-7D3E-482E-99AC-6009CE73F64B}.Release|x86.Deploy.0 = Release|Any CPU
	EndGlobalSection
	GlobalSection(SolutionProperties) = preSolution
		HideSolutionNode = FALSE
	EndGlobalSection
	GlobalSection(ExtensibilityGlobals) = postSolution
		SolutionGuid = {1AB25CE1-955C-47D1-98DA-54B9015474F9}
	EndGlobalSection
EndGlobal
